
Microsoft Visual Studio Solution File, Format Version 12.00
# Visual Studio Version 17
VisualStudioVersion = 17.7.34202.233
MinimumVisualStudioVersion = 10.0.40219.1
Project("{FAE04EC0-301F-11D3-BF4B-00C04F79EFBC}") = "Kafe", "Kafe\Kafe.csproj", "{5A399514-54FB-4973-87D8-ABB43E4DFE3D}"
EndProject
Project("{FAE04EC0-301F-11D3-BF4B-00C04F79EFBC}") = "KafeOnline6.Data", "KafeOnline6.Data\KafeOnline6.Data.csproj", "{AEBA76DD-0C91-43F6-9C7E-79F0893B9E0F}"
EndProject
Global
	GlobalSection(SolutionConfigurationPlatforms) = preSolution
		Debug|Any CPU = Debug|Any CPU
		Release|Any CPU = Release|Any CPU
	EndGlobalSection
	GlobalSection(ProjectConfigurationPlatforms) = postSolution
		{5A399514-54FB-4973-87D8-ABB43E4DFE3D}.Debug|Any CPU.ActiveCfg = Debug|Any CPU
		{5A399514-54FB-4973-87D8-ABB43E4DFE3D}.Debug|Any CPU.Build.0 = Debug|Any CPU
		{5A399514-54FB-4973-87D8-ABB43E4DFE3D}.Release|Any CPU.ActiveCfg = Release|Any CPU
		{5A399514-54FB-4973-87D8-ABB43E4DFE3D}.Release|Any CPU.Build.0 = Release|Any CPU
		{AEBA76DD-0C91-43F6-9C7E-79F0893B9E0F}.Debug|Any CPU.ActiveCfg = Debug|Any CPU
		{AEBA76DD-0C91-43F6-9C7E-79F0893B9E0F}.Debug|Any CPU.Build.0 = Debug|Any CPU
		{AEBA76DD-0C91-43F6-9C7E-79F0893B9E0F}.Release|Any CPU.ActiveCfg = Release|Any CPU
		{AEBA76DD-0C91-43F6-9C7E-79F0893B9E0F}.Release|Any CPU.Build.0 = Release|Any CPU
	EndGlobalSection
	GlobalSection(SolutionProperties) = preSolution
		HideSolutionNode = FALSE
	EndGlobalSection
	GlobalSection(ExtensibilityGlobals) = postSolution
		SolutionGuid = {7D82D269-F650-4D1D-A0D3-E713FD3A4A0D}
	EndGlobalSection
EndGlobal
